
Microsoft Visual Studio Solution File, Format Version 12.00
# Visual Studio 2012
Project("{FAE04EC0-301F-11D3-BF4B-00C04F79EFBC}") = "MvvmCommandWirer", "MvvmCommandWirer\MvvmCommandWirer.csproj", "{FE72B541-0A2B-4E3A-A360-868B10C3B306}"
EndProject
Project("{FAE04EC0-301F-11D3-BF4B-00C04F79EFBC}") = "Demo", "Demo\Demo\Demo.csproj", "{C7E55C17-7B52-478D-9838-3734186671BD}"
EndProject
Global
	GlobalSection(SolutionConfigurationPlatforms) = preSolution
		Debug|Any CPU = Debug|Any CPU
		Release|Any CPU = Release|Any CPU
	EndGlobalSection
	GlobalSection(ProjectConfigurationPlatforms) = postSolution
		{FE72B541-0A2B-4E3A-A360-868B10C3B306}.Debug|Any CPU.ActiveCfg = Debug|Any CPU
		{FE72B541-0A2B-4E3A-A360-868B10C3B306}.Debug|Any CPU.Build.0 = Debug|Any CPU
		{FE72B541-0A2B-4E3A-A360-868B10C3B306}.Release|Any CPU.ActiveCfg = Release|Any CPU
		{FE72B541-0A2B-4E3A-A360-868B10C3B306}.Release|Any CPU.Build.0 = Release|Any CPU
		{C7E55C17-7B52-478D-9838-3734186671BD}.Debug|Any CPU.ActiveCfg = Debug|Any CPU
		{C7E55C17-7B52-478D-9838-3734186671BD}.Debug|Any CPU.Build.0 = Debug|Any CPU
		{C7E55C17-7B52-478D-9838-3734186671BD}.Release|Any CPU.ActiveCfg = Release|Any CPU
		{C7E55C17-7B52-478D-9838-3734186671BD}.Release|Any CPU.Build.0 = Release|Any CPU
	EndGlobalSection
	GlobalSection(SolutionProperties) = preSolution
		HideSolutionNode = FALSE
	EndGlobalSection
EndGlobal
